
Microsoft Visual Studio Solution File, Format Version 12.00
# Visual Studio Version 16
VisualStudioVersion = 16.0.29814.53
MinimumVisualStudioVersion = 10.0.40219.1
Project("{FAE04EC0-301F-11D3-BF4B-00C04F79EFBC}") = "Taxi.Common", "Taxi.Common\Taxi.Common.csproj", "{E1FCE498-9BF1-49C8-8C1C-8193AD763B15}"
EndProject
Project("{FAE04EC0-301F-11D3-BF4B-00C04F79EFBC}") = "Taxi.Web", "Taxi.Web\Taxi.Web.csproj", "{4437F793-ACA1-4B2A-8502-530BFC42DCBC}"
EndProject
Project("{FAE04EC0-301F-11D3-BF4B-00C04F79EFBC}") = "Taxi.Prism", "Taxi.Prism\Taxi.Prism\Taxi.Prism.csproj", "{86B3C0DC-4022-40B6-B48C-50D35FEEB4CC}"
EndProject
Project("{FAE04EC0-301F-11D3-BF4B-00C04F79EFBC}") = "Taxi.Prism.Android", "Taxi.Prism\Taxi.Prism.Android\Taxi.Prism.Android.csproj", "{2506A62D-8EC6-424A-8255-5C019DEC2836}"
EndProject
Project("{FAE04EC0-301F-11D3-BF4B-00C04F79EFBC}") = "Taxi.Prism.iOS", "Taxi.Prism\Taxi.Prism.iOS\Taxi.Prism.iOS.csproj", "{BB857A6C-8EFA-40B7-9082-FA42DAF578DD}"
EndProject
Project("{FAE04EC0-301F-11D3-BF4B-00C04F79EFBC}") = "Taxi.Cross.Android", "Taxi.Cross.Android\Taxi.Cross.Android.csproj", "{72678D5A-A376-430D-B499-79958786EEDC}"
EndProject
Project("{FAE04EC0-301F-11D3-BF4B-00C04F79EFBC}") = "Taxi.Cross.iOS", "Taxo.Cross.iOS\Taxi.Cross.iOS.csproj", "{6D2E9DDD-1F7F-43CD-AE02-6DFE6ECB0B9F}"
EndProject
Global
	GlobalSection(SolutionConfigurationPlatforms) = preSolution
		Ad-Hoc|Any CPU = Ad-Hoc|Any CPU
		Ad-Hoc|iPhone = Ad-Hoc|iPhone
		Ad-Hoc|iPhoneSimulator = Ad-Hoc|iPhoneSimulator
		AppStore|Any CPU = AppStore|Any CPU
		AppStore|iPhone = AppStore|iPhone
		AppStore|iPhoneSimulator = AppStore|iPhoneSimulator
		Debug|Any CPU = Debug|Any CPU
		Debug|iPhone = Debug|iPhone
		Debug|iPhoneSimulator = Debug|iPhoneSimulator
		Release|Any CPU = Release|Any CPU
		Release|iPhone = Release|iPhone
		Release|iPhoneSimulator = Release|iPhoneSimulator
	EndGlobalSection
	GlobalSection(ProjectConfigurationPlatforms) = postSolution
		{E1FCE498-9BF1-49C8-8C1C-8193AD763B15}.Ad-Hoc|Any CPU.ActiveCfg = Debug|Any CPU
		{E1FCE498-9BF1-49C8-8C1C-8193AD763B15}.Ad-Hoc|Any CPU.Build.0 = Debug|Any CPU
		{E1FCE498-9BF1-49C8-8C1C-8193AD763B15}.Ad-Hoc|iPhone.ActiveCfg = Debug|Any CPU
		{E1FCE498-9BF1-49C8-8C1C-8193AD763B15}.Ad-Hoc|iPhone.Build.0 = Debug|Any CPU
		{E1FCE498-9BF1-49C8-8C1C-8193AD763B15}.Ad-Hoc|iPhoneSimulator.ActiveCfg = Debug|Any CPU
		{E1FCE498-9BF1-49C8-8C1C-8193AD763B15}.Ad-Hoc|iPhoneSimulator.Build.0 = Debug|Any CPU
		{E1FCE498-9BF1-49C8-8C1C-8193AD763B15}.AppStore|Any CPU.ActiveCfg = Debug|Any CPU
		{E1FCE498-9BF1-49C8-8C1C-8193AD763B15}.AppStore|Any CPU.Build.0 = Debug|Any CPU
		{E1FCE498-9BF1-49C8-8C1C-8193AD763B15}.AppStore|iPhone.ActiveCfg = Debug|Any CPU
		{E1FCE498-9BF1-49C8-8C1C-8193AD763B15}.AppStore|iPhone.Build.0 = Debug|Any CPU
		{E1FCE498-9BF1-49C8-8C1C-8193AD763B15}.AppStore|iPhoneSimulator.ActiveCfg = Debug|Any CPU
		{E1FCE498-9BF1-49C8-8C1C-8193AD763B15}.AppStore|iPhoneSimulator.Build.0 = Debug|Any CPU
		{E1FCE498-9BF1-49C8-8C1C-8193AD763B15}.Debug|Any CPU.ActiveCfg = Debug|Any CPU
		{E1FCE498-9BF1-49C8-8C1C-8193AD763B15}.Debug|Any CPU.Build.0 = Debug|Any CPU
		{E1FCE498-9BF1-49C8-8C1C-8193AD763B15}.Debug|iPhone.ActiveCfg = Debug|Any CPU
		{E1FCE498-9BF1-49C8-8C1C-8193AD763B15}.Debug|iPhone.Build.0 = Debug|Any CPU
		{E1FCE498-9BF1-49C8-8C1C-8193AD763B15}.Debug|iPhoneSimulator.ActiveCfg = Debug|Any CPU
		{E1FCE498-9BF1-49C8-8C1C-8193AD763B15}.Debug|iPhoneSimulator.Build.0 = Debug|Any CPU
		{E1FCE498-9BF1-49C8-8C1C-8193AD763B15}.Release|Any CPU.ActiveCfg = Release|Any CPU
		{E1FCE498-9BF1-49C8-8C1C-8193AD763B15}.Release|Any CPU.Build.0 = Release|Any CPU
		{E1FCE498-9BF1-49C8-8C1C-8193AD763B15}.Release|iPhone.ActiveCfg = Release|Any CPU
		{E1FCE498-9BF1-49C8-8C1C-8193AD763B15}.Release|iPhone.Build.0 = Release|Any CPU
		{E1FCE498-9BF1-49C8-8C1C-8193AD763B15}.Release|iPhoneSimulator.ActiveCfg = Release|Any CPU
		{E1FCE498-9BF1-49C8-8C1C-8193AD763B15}.Release|iPhoneSimulator.Build.0 = Release|Any CPU
		{4437F793-ACA1-4B2A-8502-530BFC42DCBC}.Ad-Hoc|Any CPU.ActiveCfg = Debug|Any CPU
		{4437F793-ACA1-4B2A-8502-530BFC42DCBC}.Ad-Hoc|Any CPU.Build.0 = Debug|Any CPU
		{4437F793-ACA1-4B2A-8502-530BFC42DCBC}.Ad-Hoc|iPhone.ActiveCfg = Debug|Any CPU
		{4437F793-ACA1-4B2A-8502-530BFC42DCBC}.Ad-Hoc|iPhone.Build.0 = Debug|Any CPU
		{4437F793-ACA1-4B2A-8502-530BFC42DCBC}.Ad-Hoc|iPhoneSimulator.ActiveCfg = Debug|Any CPU
		{4437F793-ACA1-4B2A-8502-530BFC42DCBC}.Ad-Hoc|iPhoneSimulator.Build.0 = Debug|Any CPU
		{4437F793-ACA1-4B2A-8502-530BFC42DCBC}.AppStore|Any CPU.ActiveCfg = Debug|Any CPU
		{4437F793-ACA1-4B2A-8502-530BFC42DCBC}.AppStore|Any CPU.Build.0 = Debug|Any CPU
		{4437F793-ACA1-4B2A-8502-530BFC42DCBC}.AppStore|iPhone.ActiveCfg = Debug|Any CPU
		{4437F793-ACA1-4B2A-8502-530BFC42DCBC}.AppStore|iPhone.Build.0 = Debug|Any CPU
		{4437F793-ACA1-4B2A-8502-530BFC42DCBC}.AppStore|iPhoneSimulator.ActiveCfg = Debug|Any CPU
		{4437F793-ACA1-4B2A-8502-530BFC42DCBC}.AppStore|iPhoneSimulator.Build.0 = Debug|Any CPU
		{4437F793-ACA1-4B2A-8502-530BFC42DCBC}.Debug|Any CPU.ActiveCfg = Debug|Any CPU
		{4437F793-ACA1-4B2A-8502-530BFC42DCBC}.Debug|Any CPU.Build.0 = Debug|Any CPU
		{4437F793-ACA1-4B2A-8502-530BFC42DCBC}.Debug|iPhone.ActiveCfg = Debug|Any CPU
		{4437F793-ACA1-4B2A-8502-530BFC42DCBC}.Debug|iPhone.Build.0 = Debug|Any CPU
		{4437F793-ACA1-4B2A-8502-530BFC42DCBC}.Debug|iPhoneSimulator.ActiveCfg = Debug|Any CPU
		{4437F793-ACA1-4B2A-8502-530BFC42DCBC}.Debug|iPhoneSimulator.Build.0 = Debug|Any CPU
		{4437F793-ACA1-4B2A-8502-530BFC42DCBC}.Release|Any CPU.ActiveCfg = Release|Any CPU
		{4437F793-ACA1-4B2A-8502-530BFC42DCBC}.Release|Any CPU.Build.0 = Release|Any CPU
		{4437F793-ACA1-4B2A-8502-530BFC42DCBC}.Release|iPhone.ActiveCfg = Release|Any CPU
		{4437F793-ACA1-4B2A-8502-530BFC42DCBC}.Release|iPhone.Build.0 = Release|Any CPU
		{4437F793-ACA1-4B2A-8502-530BFC42DCBC}.Release|iPhoneSimulator.ActiveCfg = Release|Any CPU
		{4437F793-ACA1-4B2A-8502-530BFC42DCBC}.Release|iPhoneSimulator.Build.0 = Release|Any CPU
		{86B3C0DC-4022-40B6-B48C-50D35FEEB4CC}.Ad-Hoc|Any CPU.ActiveCfg = Debug|Any CPU
		{86B3C0DC-4022-40B6-B48C-50D35FEEB4CC}.Ad-Hoc|Any CPU.Build.0 = Debug|Any CPU
		{86B3C0DC-4022-40B6-B48C-50D35FEEB4CC}.Ad-Hoc|iPhone.ActiveCfg = Debug|Any CPU
		{86B3C0DC-4022-40B6-B48C-50D35FEEB4CC}.Ad-Hoc|iPhone.Build.0 = Debug|Any CPU
		{86B3C0DC-4022-40B6-B48C-50D35FEEB4CC}.Ad-Hoc|iPhoneSimulator.ActiveCfg = Debug|Any CPU
		{86B3C0DC-4022-40B6-B48C-50D35FEEB4CC}.Ad-Hoc|iPhoneSimulator.Build.0 = Debug|Any CPU
		{86B3C0DC-4022-40B6-B48C-50D35FEEB4CC}.AppStore|Any CPU.ActiveCfg = Debug|Any CPU
		{86B3C0DC-4022-40B6-B48C-50D35FEEB4CC}.AppStore|Any CPU.Build.0 = Debug|Any CPU
		{86B3C0DC-4022-40B6-B48C-50D35FEEB4CC}.AppStore|iPhone.ActiveCfg = Debug|Any CPU
		{86B3C0DC-4022-40B6-B48C-50D35FEEB4CC}.AppStore|iPhone.Build.0 = Debug|Any CPU
		{86B3C0DC-4022-40B6-B48C-50D35FEEB4CC}.AppStore|iPhoneSimulator.ActiveCfg = Debug|Any CPU
		{86B3C0DC-4022-40B6-B48C-50D35FEEB4CC}.AppStore|iPhoneSimulator.Build.0 = Debug|Any CPU
		{86B3C0DC-4022-40B6-B48C-50D35FEEB4CC}.Debug|Any CPU.ActiveCfg = Debug|Any CPU
		{86B3C0DC-4022-40B6-B48C-50D35FEEB4CC}.Debug|Any CPU.Build.0 = Debug|Any CPU
		{86B3C0DC-4022-40B6-B48C-50D35FEEB4CC}.Debug|iPhone.ActiveCfg = Debug|Any CPU
		{86B3C0DC-4022-40B6-B48C-50D35FEEB4CC}.Debug|iPhone.Build.0 = Debug|Any CPU
		{86B3C0DC-4022-40B6-B48C-50D35FEEB4CC}.Debug|iPhoneSimulator.ActiveCfg = Debug|Any CPU
		{86B3C0DC-4022-40B6-B48C-50D35FEEB4CC}.Debug|iPhoneSimulator.Build.0 = Debug|Any CPU
		{86B3C0DC-4022-40B6-B48C-50D35FEEB4CC}.Release|Any CPU.ActiveCfg = Release|Any CPU
		{86B3C0DC-4022-40B6-B48C-50D35FEEB4CC}.Release|Any CPU.Build.0 = Release|Any CPU
		{86B3C0DC-4022-40B6-B48C-50D35FEEB4CC}.Release|iPhone.ActiveCfg = Release|Any CPU
		{86B3C0DC-4022-40B6-B48C-50D35FEEB4CC}.Release|iPhone.Build.0 = Release|Any CPU
		{86B3C0DC-4022-40B6-B48C-50D35FEEB4CC}.Release|iPhoneSimulator.ActiveCfg = Release|Any CPU
		{86B3C0DC-4022-40B6-B48C-50D35FEEB4CC}.Release|iPhoneSimulator.Build.0 = Release|Any CPU
		{2506A62D-8EC6-424A-8255-5C019DEC2836}.Ad-Hoc|Any CPU.ActiveCfg = Release|Any CPU
		{2506A62D-8EC6-424A-8255-5C019DEC2836}.Ad-Hoc|Any CPU.Build.0 = Release|Any CPU
		{2506A62D-8EC6-424A-8255-5C019DEC2836}.Ad-Hoc|Any CPU.Deploy.0 = Release|Any CPU
		{2506A62D-8EC6-424A-8255-5C019DEC2836}.Ad-Hoc|iPhone.ActiveCfg = Release|Any CPU
		{2506A62D-8EC6-424A-8255-5C019DEC2836}.Ad-Hoc|iPhone.Build.0 = Release|Any CPU
		{2506A62D-8EC6-424A-8255-5C019DEC2836}.Ad-Hoc|iPhone.Deploy.0 = Release|Any CPU
		{2506A62D-8EC6-424A-8255-5C019DEC2836}.Ad-Hoc|iPhoneSimulator.ActiveCfg = Release|Any CPU
		{2506A62D-8EC6-424A-8255-5C019DEC2836}.Ad-Hoc|iPhoneSimulator.Build.0 = Release|Any CPU
		{2506A62D-8EC6-424A-8255-5C019DEC2836}.Ad-Hoc|iPhoneSimulator.Deploy.0 = Release|Any CPU
		{2506A62D-8EC6-424A-8255-5C019DEC2836}.AppStore|Any CPU.ActiveCfg = Release|Any CPU
		{2506A62D-8EC6-424A-8255-5C019DEC2836}.AppStore|Any CPU.Build.0 = Release|Any CPU
		{2506A62D-8EC6-424A-8255-5C019DEC2836}.AppStore|Any CPU.Deploy.0 = Release|Any CPU
		{2506A62D-8EC6-424A-8255-5C019DEC2836}.AppStore|iPhone.ActiveCfg = Release|Any CPU
		{2506A62D-8EC6-424A-8255-5C019DEC2836}.AppStore|iPhone.Build.0 = Release|Any CPU
		{2506A62D-8EC6-424A-8255-5C019DEC2836}.AppStore|iPhone.Deploy.0 = Release|Any CPU
		{2506A62D-8EC6-424A-8255-5C019DEC2836}.AppStore|iPhoneSimulator.ActiveCfg = Release|Any CPU
		{2506A62D-8EC6-424A-8255-5C019DEC2836}.AppStore|iPhoneSimulator.Build.0 = Release|Any CPU
		{2506A62D-8EC6-424A-8255-5C019DEC2836}.AppStore|iPhoneSimulator.Deploy.0 = Release|Any CPU
		{2506A62D-8EC6-424A-8255-5C019DEC2836}.Debug|Any CPU.ActiveCfg = Debug|Any CPU
		{2506A62D-8EC6-424A-8255-5C019DEC2836}.Debug|Any CPU.Build.0 = Debug|Any CPU
		{2506A62D-8EC6-424A-8255-5C019DEC2836}.Debug|Any CPU.Deploy.0 = Debug|Any CPU
		{2506A62D-8EC6-424A-8255-5C019DEC2836}.Debug|iPhone.ActiveCfg = Debug|Any CPU
		{2506A62D-8EC6-424A-8255-5C019DEC2836}.Debug|iPhone.Build.0 = Debug|Any CPU
		{2506A62D-8EC6-424A-8255-5C019DEC2836}.Debug|iPhone.Deploy.0 = Debug|Any CPU
		{2506A62D-8EC6-424A-8255-5C019DEC2836}.Debug|iPhoneSimulator.ActiveCfg = Debug|Any CPU
		{2506A62D-8EC6-424A-8255-5C019DEC2836}.Debug|iPhoneSimulator.Build.0 = Debug|Any CPU
		{2506A62D-8EC6-424A-8255-5C019DEC2836}.Debug|iPhoneSimulator.Deploy.0 = Debug|Any CPU
		{2506A62D-8EC6-424A-8255-5C019DEC2836}.Release|Any CPU.ActiveCfg = Release|Any CPU
		{2506A62D-8EC6-424A-8255-5C019DEC2836}.Release|Any CPU.Build.0 = Release|Any CPU
		{2506A62D-8EC6-424A-8255-5C019DEC2836}.Release|Any CPU.Deploy.0 = Release|Any CPU
		{2506A62D-8EC6-424A-8255-5C019DEC2836}.Release|iPhone.ActiveCfg = Release|Any CPU
		{2506A62D-8EC6-424A-8255-5C019DEC2836}.Release|iPhone.Build.0 = Release|Any CPU
		{2506A62D-8EC6-424A-8255-5C019DEC2836}.Release|iPhone.Deploy.0 = Release|Any CPU
		{2506A62D-8EC6-424A-8255-5C019DEC2836}.Release|iPhoneSimulator.ActiveCfg = Release|Any CPU
		{2506A62D-8EC6-424A-8255-5C019DEC2836}.Release|iPhoneSimulator.Build.0 = Release|Any CPU
		{2506A62D-8EC6-424A-8255-5C019DEC2836}.Release|iPhoneSimulator.Deploy.0 = Release|Any CPU
		{BB857A6C-8EFA-40B7-9082-FA42DAF578DD}.Ad-Hoc|Any CPU.ActiveCfg = Ad-Hoc|iPhone
		{BB857A6C-8EFA-40B7-9082-FA42DAF578DD}.Ad-Hoc|iPhone.ActiveCfg = Ad-Hoc|iPhone
		{BB857A6C-8EFA-40B7-9082-FA42DAF578DD}.Ad-Hoc|iPhone.Build.0 = Ad-Hoc|iPhone
		{BB857A6C-8EFA-40B7-9082-FA42DAF578DD}.Ad-Hoc|iPhoneSimulator.ActiveCfg = Ad-Hoc|iPhoneSimulator
		{BB857A6C-8EFA-40B7-9082-FA42DAF578DD}.Ad-Hoc|iPhoneSimulator.Build.0 = Ad-Hoc|iPhoneSimulator
		{BB857A6C-8EFA-40B7-9082-FA42DAF578DD}.AppStore|Any CPU.ActiveCfg = AppStore|iPhone
		{BB857A6C-8EFA-40B7-9082-FA42DAF578DD}.AppStore|iPhone.ActiveCfg = AppStore|iPhone
		{BB857A6C-8EFA-40B7-9082-FA42DAF578DD}.AppStore|iPhone.Build.0 = AppStore|iPhone
		{BB857A6C-8EFA-40B7-9082-FA42DAF578DD}.AppStore|iPhoneSimulator.ActiveCfg = AppStore|iPhoneSimulator
		{BB857A6C-8EFA-40B7-9082-FA42DAF578DD}.AppStore|iPhoneSimulator.Build.0 = AppStore|iPhoneSimulator
		{BB857A6C-8EFA-40B7-9082-FA42DAF578DD}.Debug|Any CPU.ActiveCfg = Debug|iPhone
		{BB857A6C-8EFA-40B7-9082-FA42DAF578DD}.Debug|iPhone.ActiveCfg = Debug|iPhone
		{BB857A6C-8EFA-40B7-9082-FA42DAF578DD}.Debug|iPhone.Build.0 = Debug|iPhone
		{BB857A6C-8EFA-40B7-9082-FA42DAF578DD}.Debug|iPhoneSimulator.ActiveCfg = Debug|iPhoneSimulator
		{BB857A6C-8EFA-40B7-9082-FA42DAF578DD}.Debug|iPhoneSimulator.Build.0 = Debug|iPhoneSimulator
		{BB857A6C-8EFA-40B7-9082-FA42DAF578DD}.Release|Any CPU.ActiveCfg = Release|iPhone
		{BB857A6C-8EFA-40B7-9082-FA42DAF578DD}.Release|iPhone.ActiveCfg = Release|iPhone
		{BB857A6C-8EFA-40B7-9082-FA42DAF578DD}.Release|iPhone.Build.0 = Release|iPhone
		{BB857A6C-8EFA-40B7-9082-FA42DAF578DD}.Release|iPhoneSimulator.ActiveCfg = Release|iPhoneSimulator
		{BB857A6C-8EFA-40B7-9082-FA42DAF578DD}.Release|iPhoneSimulator.Build.0 = Release|iPhoneSimulator
		{72678D5A-A376-430D-B499-79958786EEDC}.Ad-Hoc|Any CPU.ActiveCfg = Release|Any CPU
		{72678D5A-A376-430D-B499-79958786EEDC}.Ad-Hoc|Any CPU.Build.0 = Release|Any CPU
		{72678D5A-A376-430D-B499-79958786EEDC}.Ad-Hoc|Any CPU.Deploy.0 = Release|Any CPU
		{72678D5A-A376-430D-B499-79958786EEDC}.Ad-Hoc|iPhone.ActiveCfg = Release|Any CPU
		{72678D5A-A376-430D-B499-79958786EEDC}.Ad-Hoc|iPhone.Build.0 = Release|Any CPU
		{72678D5A-A376-430D-B499-79958786EEDC}.Ad-Hoc|iPhone.Deploy.0 = Release|Any CPU
		{72678D5A-A376-430D-B499-79958786EEDC}.Ad-Hoc|iPhoneSimulator.ActiveCfg = Release|Any CPU
		{72678D5A-A376-430D-B499-79958786EEDC}.Ad-Hoc|iPhoneSimulator.Build.0 = Release|Any CPU
		{72678D5A-A376-430D-B499-79958786EEDC}.Ad-Hoc|iPhoneSimulator.Deploy.0 = Release|Any CPU
		{72678D5A-A376-430D-B499-79958786EEDC}.AppStore|Any CPU.ActiveCfg = Release|Any CPU
		{72678D5A-A376-430D-B499-79958786EEDC}.AppStore|Any CPU.Build.0 = Release|Any CPU
		{72678D5A-A376-430D-B499-79958786EEDC}.AppStore|Any CPU.Deploy.0 = Release|Any CPU
		{72678D5A-A376-430D-B499-79958786EEDC}.AppStore|iPhone.ActiveCfg = Release|Any CPU
		{72678D5A-A376-430D-B499-79958786EEDC}.AppStore|iPhone.Build.0 = Release|Any CPU
		{72678D5A-A376-430D-B499-79958786EEDC}.AppStore|iPhone.Deploy.0 = Release|Any CPU
		{72678D5A-A376-430D-B499-79958786EEDC}.AppStore|iPhoneSimulator.ActiveCfg = Release|Any CPU
		{72678D5A-A376-430D-B499-79958786EEDC}.AppStore|iPhoneSimulator.Build.0 = Release|Any CPU
		{72678D5A-A376-430D-B499-79958786EEDC}.AppStore|iPhoneSimulator.Deploy.0 = Release|Any CPU
		{72678D5A-A376-430D-B499-79958786EEDC}.Debug|Any CPU.ActiveCfg = Debug|Any CPU
		{72678D5A-A376-430D-B499-79958786EEDC}.Debug|Any CPU.Build.0 = Debug|Any CPU
		{72678D5A-A376-430D-B499-79958786EEDC}.Debug|Any CPU.Deploy.0 = Debug|Any CPU
		{72678D5A-A376-430D-B499-79958786EEDC}.Debug|iPhone.ActiveCfg = Debug|Any CPU
		{72678D5A-A376-430D-B499-79958786EEDC}.Debug|iPhone.Build.0 = Debug|Any CPU
		{72678D5A-A376-430D-B499-79958786EEDC}.Debug|iPhone.Deploy.0 = Debug|Any CPU
		{72678D5A-A376-430D-B499-79958786EEDC}.Debug|iPhoneSimulator.ActiveCfg = Debug|Any CPU
		{72678D5A-A376-430D-B499-79958786EEDC}.Debug|iPhoneSimulator.Build.0 = Debug|Any CPU
		{72678D5A-A376-430D-B499-79958786EEDC}.Debug|iPhoneSimulator.Deploy.0 = Debug|Any CPU
		{72678D5A-A376-430D-B499-79958786EEDC}.Release|Any CPU.ActiveCfg = Release|Any CPU
		{72678D5A-A376-430D-B499-79958786EEDC}.Release|Any CPU.Build.0 = Release|Any CPU
		{72678D5A-A376-430D-B499-79958786EEDC}.Release|Any CPU.Deploy.0 = Release|Any CPU
		{72678D5A-A376-430D-B499-79958786EEDC}.Release|iPhone.ActiveCfg = Release|Any CPU
		{72678D5A-A376-430D-B499-79958786EEDC}.Release|iPhone.Build.0 = Release|Any CPU
		{72678D5A-A376-430D-B499-79958786EEDC}.Release|iPhone.Deploy.0 = Release|Any CPU
		{72678D5A-A376-430D-B499-79958786EEDC}.Release|iPhoneSimulator.ActiveCfg = Release|Any CPU
		{72678D5A-A376-430D-B499-79958786EEDC}.Release|iPhoneSimulator.Build.0 = Release|Any CPU
		{72678D5A-A376-430D-B499-79958786EEDC}.Release|iPhoneSimulator.Deploy.0 = Release|Any CPU
		{6D2E9DDD-1F7F-43CD-AE02-6DFE6ECB0B9F}.Ad-Hoc|Any CPU.ActiveCfg = Release|iPhone
		{6D2E9DDD-1F7F-43CD-AE02-6DFE6ECB0B9F}.Ad-Hoc|Any CPU.Build.0 = Release|iPhone
		{6D2E9DDD-1F7F-43CD-AE02-6DFE6ECB0B9F}.Ad-Hoc|iPhone.ActiveCfg = Release|iPhone
		{6D2E9DDD-1F7F-43CD-AE02-6DFE6ECB0B9F}.Ad-Hoc|iPhone.Build.0 = Release|iPhone
		{6D2E9DDD-1F7F-43CD-AE02-6DFE6ECB0B9F}.Ad-Hoc|iPhoneSimulator.ActiveCfg = Release|iPhoneSimulator
		{6D2E9DDD-1F7F-43CD-AE02-6DFE6ECB0B9F}.Ad-Hoc|iPhoneSimulator.Build.0 = Release|iPhoneSimulator
		{6D2E9DDD-1F7F-43CD-AE02-6DFE6ECB0B9F}.AppStore|Any CPU.ActiveCfg = Release|iPhone
		{6D2E9DDD-1F7F-43CD-AE02-6DFE6ECB0B9F}.AppStore|Any CPU.Build.0 = Release|iPhone
		{6D2E9DDD-1F7F-43CD-AE02-6DFE6ECB0B9F}.AppStore|iPhone.ActiveCfg = Release|iPhone
		{6D2E9DDD-1F7F-43CD-AE02-6DFE6ECB0B9F}.AppStore|iPhone.Build.0 = Release|iPhone
		{6D2E9DDD-1F7F-43CD-AE02-6DFE6ECB0B9F}.AppStore|iPhoneSimulator.ActiveCfg = Release|iPhoneSimulator
		{6D2E9DDD-1F7F-43CD-AE02-6DFE6ECB0B9F}.AppStore|iPhoneSimulator.Build.0 = Release|iPhoneSimulator
		{6D2E9DDD-1F7F-43CD-AE02-6DFE6ECB0B9F}.Debug|Any CPU.ActiveCfg = Debug|iPhone
		{6D2E9DDD-1F7F-43CD-AE02-6DFE6ECB0B9F}.Debug|iPhone.ActiveCfg = Debug|iPhone
		{6D2E9DDD-1F7F-43CD-AE02-6DFE6ECB0B9F}.Debug|iPhone.Build.0 = Debug|iPhone
		{6D2E9DDD-1F7F-43CD-AE02-6DFE6ECB0B9F}.Debug|iPhoneSimulator.ActiveCfg = Debug|iPhoneSimulator
		{6D2E9DDD-1F7F-43CD-AE02-6DFE6ECB0B9F}.Debug|iPhoneSimulator.Build.0 = Debug|iPhoneSimulator
		{6D2E9DDD-1F7F-43CD-AE02-6DFE6ECB0B9F}.Release|Any CPU.ActiveCfg = Release|iPhone
		{6D2E9DDD-1F7F-43CD-AE02-6DFE6ECB0B9F}.Release|iPhone.ActiveCfg = Release|iPhone
		{6D2E9DDD-1F7F-43CD-AE02-6DFE6ECB0B9F}.Release|iPhone.Build.0 = Release|iPhone
		{6D2E9DDD-1F7F-43CD-AE02-6DFE6ECB0B9F}.Release|iPhoneSimulator.ActiveCfg = Release|iPhoneSimulator
		{6D2E9DDD-1F7F-43CD-AE02-6DFE6ECB0B9F}.Release|iPhoneSimulator.Build.0 = Release|iPhoneSimulator
	EndGlobalSection
	GlobalSection(SolutionProperties) = preSolution
		HideSolutionNode = FALSE
	EndGlobalSection
	GlobalSection(ExtensibilityGlobals) = postSolution
		SolutionGuid = {9E32AD12-D7AF-455D-BA51-C5FAF47729B2}
	EndGlobalSection
EndGlobal
